
Microsoft Visual Studio Solution File, Format Version 12.00
# Visual Studio Version 17
VisualStudioVersion = 17.7.34202.233
MinimumVisualStudioVersion = 10.0.40219.1
Project("{FAE04EC0-301F-11D3-BF4B-00C04F79EFBC}") = "MsgDeliveryFailReporting", "MsgDeliveryFailReporting.csproj", "{24FCC95B-C2EB-4D35-AA89-AA596A849A4C}"
EndProject
Global
	GlobalSection(SolutionConfigurationPlatforms) = preSolution
		Debug|Any CPU = Debug|Any CPU
		Release|Any CPU = Release|Any CPU
	EndGlobalSection
	GlobalSection(ProjectConfigurationPlatforms) = postSolution
		{24FCC95B-C2EB-4D35-AA89-AA596A849A4C}.Debug|Any CPU.ActiveCfg = Debug|Any CPU
		{24FCC95B-C2EB-4D35-AA89-AA596A849A4C}.Debug|Any CPU.Build.0 = Debug|Any CPU
		{24FCC95B-C2EB-4D35-AA89-AA596A849A4C}.Release|Any CPU.ActiveCfg = Release|Any CPU
		{24FCC95B-C2EB-4D35-AA89-AA596A849A4C}.Release|Any CPU.Build.0 = Release|Any CPU
	EndGlobalSection
	GlobalSection(SolutionProperties) = preSolution
		HideSolutionNode = FALSE
	EndGlobalSection
	GlobalSection(ExtensibilityGlobals) = postSolution
		SolutionGuid = {3EF5786D-8171-4377-BF90-3E0AA8874689}
	EndGlobalSection
EndGlobal
